
Microsoft Visual Studio Solution File, Format Version 12.00
Project("{FAE04EC0-301F-11D3-BF4B-00C04F79EFBC}") = "NBitcoin.Sugarchain", "NBitcoin.Sugarchain\NBitcoin.Sugarchain.csproj", "{968675D9-4967-40EA-8ADB-9771FF938B6C}"
EndProject
Global
	GlobalSection(SolutionConfigurationPlatforms) = preSolution
		Debug|Any CPU = Debug|Any CPU
		Release|Any CPU = Release|Any CPU
	EndGlobalSection
	GlobalSection(ProjectConfigurationPlatforms) = postSolution
		{968675D9-4967-40EA-8ADB-9771FF938B6C}.Debug|Any CPU.ActiveCfg = Debug|Any CPU
		{968675D9-4967-40EA-8ADB-9771FF938B6C}.Debug|Any CPU.Build.0 = Debug|Any CPU
		{968675D9-4967-40EA-8ADB-9771FF938B6C}.Release|Any CPU.ActiveCfg = Release|Any CPU
		{968675D9-4967-40EA-8ADB-9771FF938B6C}.Release|Any CPU.Build.0 = Release|Any CPU
	EndGlobalSection
EndGlobal
